schema: '2.0'
stages:
  train:
    cmd: "python src/step_counter/models/logistic_regression/train.py data/steps/train/
      models/logistic_regression.joblib reports/metrics/train.json --seed=42\n"
    deps:
    - path: data/steps/train/
      hash: md5
      md5: 137744f44fec19f884dd6eced9225b0a.dir
      size: 438586
      nfiles: 8
    params:
      params.yaml:
        seed: 42
    outs:
    - path: models/logistic_regression.html
      hash: md5
      md5: adc5c87c825e5d8b5f06de49e2ea2c3b
      size: 9934
    - path: models/logistic_regression.joblib
      hash: md5
      md5: 996fa14e1b0cba0ef310002473547c4b
      size: 3214
    - path: models/logistic_regression.json
      hash: md5
      md5: 4189b724eabef0fdfe5d17beae907a05
      size: 34
    - path: reports/metrics/train.json
      hash: md5
      md5: 31ae51c4e4b357dac219aa1c8741c322
      size: 311
  predict_test:
    cmd: "python src/step_counter/models/logistic_regression/predict.py data/steps/test/
      models/logistic_regression.joblib reports/predictions/steps/test/\n"
    deps:
    - path: data/steps/test/
      hash: md5
      md5: 74bf42681c55e319ec6fb42c98ea9f74.dir
      size: 88024
      nfiles: 2
    - path: models/logistic_regression.joblib
      hash: md5
      md5: 996fa14e1b0cba0ef310002473547c4b
      size: 3214
    outs:
    - path: reports/predictions/steps/test/
      hash: md5
      md5: 62c1b8266813a3a98cfc0d24ae725949.dir
      size: 118621
      nfiles: 2
  update-metrics:
    cmd: python update-metrics-table-and-graph.py
    deps:
    - path: reports
      hash: md5
      md5: 906141c3f3f77eda2d3166596d000848.dir
      size: 247732
      nfiles: 10
    - path: update-metrics-table-and-graph.py
      hash: md5
      md5: 3f0edb1fc9ee7c161c5f0e8a58cfbbb7
      size: 1344
  evaluate:
    cmd: "python src/step_counter/evaluate.py data/steps/test/ reports/predictions/steps/test/
      reports/figures/ reports/metrics/\n"
    deps:
    - path: data/steps/test/
      hash: md5
      md5: 74bf42681c55e319ec6fb42c98ea9f74.dir
      size: 88024
      nfiles: 2
    - path: reports/predictions/steps/test/
      hash: md5
      md5: 62c1b8266813a3a98cfc0d24ae725949.dir
      size: 118621
      nfiles: 2
    outs:
    - path: reports/figures/confusion_matrix.csv
      hash: md5
      md5: c550869c1386e8b4827ac9ec0fd2867c
      size: 23988
    - path: reports/figures/precision_recall_curve.csv
      hash: md5
      md5: bd55e2728c1e4d76eec52d5fb65ece46
      size: 90179
    - path: reports/figures/roc_curve.csv
      hash: md5
      md5: 087d836ae8cc3aa3b976d84497285c9d
      size: 14271
    - path: reports/metrics/test.json
      hash: md5
      md5: e5b045440bf646465942d311cc9debd2
      size: 268
