schema: '2.0'
stages:
  train:
    cmd: "python src/step_counter/models/logistic_regression/train.py data/steps/train/
      models/logistic_regression.joblib reports/metrics/train.json --seed=42\n"
    deps:
    - path: data/steps/train/
      hash: md5
      md5: 137744f44fec19f884dd6eced9225b0a.dir
      size: 438586
      nfiles: 8
    params:
      params.yaml:
        seed: 42
    outs:
    - path: models/logistic_regression.joblib
      hash: md5
      md5: 6d820e68d576390e724ae34c3b745d21
      size: 1470
    - path: reports/metrics/train.json
      hash: md5
      md5: fca9c6b69c47e0ee03962cac1eb4a225
      size: 310
  predict_test:
    cmd: "python src/step_counter/models/logistic_regression/predict.py data/steps/test/
      models/logistic_regression.joblib reports/predictions/steps/test/\n"
    deps:
    - path: data/steps/test/
      hash: md5
      md5: 74bf42681c55e319ec6fb42c98ea9f74.dir
      size: 88024
      nfiles: 2
    - path: models/logistic_regression.joblib
      hash: md5
      md5: 6d820e68d576390e724ae34c3b745d21
      size: 1470
    outs:
    - path: reports/predictions/steps/test/
      hash: md5
      md5: 542893e8346ebe7f8e367b32cda46836.dir
      size: 148395
      nfiles: 2
  update-metrics:
    cmd: python update-metrics-table-and-graph.py
    deps:
    - path: reports
      hash: md5
      md5: a2c5b905e345308b4d9d6027ab9f7223.dir
      size: 277454
      nfiles: 10
    - path: update-metrics-table-and-graph.py
      hash: md5
      md5: 3f0edb1fc9ee7c161c5f0e8a58cfbbb7
      size: 1344
  evaluate:
    cmd: "python src/step_counter/evaluate.py data/steps/test/ reports/predictions/steps/test/
      reports/figures/ reports/metrics/\n"
    deps:
    - path: data/steps/test/
      hash: md5
      md5: 74bf42681c55e319ec6fb42c98ea9f74.dir
      size: 88024
      nfiles: 2
    - path: reports/predictions/steps/test/
      hash: md5
      md5: 542893e8346ebe7f8e367b32cda46836.dir
      size: 148395
      nfiles: 2
    outs:
    - path: reports/figures/confusion_matrix.csv
      hash: md5
      md5: b62c80303bce6a1fb28d284f688d412b
      size: 23844
    - path: reports/figures/precision_recall_curve.csv
      hash: md5
      md5: 0f0eee130556bf9b5bb9e755d4b93879
      size: 90297
    - path: reports/figures/roc_curve.csv
      hash: md5
      md5: 0478881040a44d06b377996747d9509f
      size: 14279
    - path: reports/metrics/test.json
      hash: md5
      md5: 928525157011a9ec8f72a0f6231059da
      size: 235
